{
    "version": 3,
    "terraform_version": "0.11.13",
    "serial": 4,
    "lineage": "aea59324-e9e2-3ac0-df45-e80075161a9c",
    "modules": [
        {
            "path": [
                "root"
            ],
            "outputs": {},
            "resources": {
                "google_compute_firewall.network": {
                    "type": "google_compute_firewall",
                    "depends_on": [
                        "google_compute_network.network"
                    ],
                    "primary": {
                        "id": "allow-ssh-and-icmp",
                        "attributes": {
                            "allow.#": "2",
                            "allow.1367131964.ports.#": "0",
                            "allow.1367131964.protocol": "icmp",
                            "allow.186047796.ports.#": "2",
                            "allow.186047796.ports.0": "22",
                            "allow.186047796.ports.1": "80",
                            "allow.186047796.protocol": "tcp",
                            "creation_timestamp": "2019-03-23T03:21:37.818-07:00",
                            "deny.#": "0",
                            "description": "",
                            "destination_ranges.#": "0",
                            "direction": "INGRESS",
                            "disabled": "false",
                            "id": "allow-ssh-and-icmp",
                            "name": "allow-ssh-and-icmp",
                            "network": "https://www.googleapis.com/compute/v1/projects/project1-2019-234412/global/networks/vpc1",
                            "priority": "1000",
                            "project": "project1-2019-234412",
                            "self_link": "https://www.googleapis.com/compute/v1/projects/project1-2019-234412/global/firewalls/allow-ssh-and-icmp",
                            "source_ranges.#": "1",
                            "source_ranges.1080289494": "0.0.0.0/0",
                            "source_service_accounts.#": "0",
                            "source_tags.#": "0",
                            "target_service_accounts.#": "0",
                            "target_tags.#": "0"
                        },
                        "meta": {
                            "e2bfb730-ecaa-11e6-8f88-34363bc7c4c0": {
                                "create": 240000000000,
                                "delete": 240000000000,
                                "update": 240000000000
                            },
                            "schema_version": "1"
                        },
                        "tainted": false
                    },
                    "deposed": [],
                    "provider": "provider.google"
                },
                "google_compute_instance.instance": {
                    "type": "google_compute_instance",
                    "depends_on": [
                        "google_compute_firewall.network"
                    ],
                    "primary": {
                        "id": "linux2",
                        "attributes": {
                            "attached_disk.#": "0",
                            "boot_disk.#": "1",
                            "boot_disk.0.auto_delete": "true",
                            "boot_disk.0.device_name": "persistent-disk-0",
                            "boot_disk.0.disk_encryption_key_raw": "",
                            "boot_disk.0.disk_encryption_key_sha256": "",
                            "boot_disk.0.initialize_params.#": "1",
                            "boot_disk.0.initialize_params.0.image": "https://www.googleapis.com/compute/v1/projects/debian-cloud/global/images/debian-9-stretch-v20190312",
                            "boot_disk.0.initialize_params.0.size": "10",
                            "boot_disk.0.initialize_params.0.type": "pd-standard",
                            "boot_disk.0.source": "https://www.googleapis.com/compute/v1/projects/project1-2019-234412/zones/us-central1-f/disks/linux2",
                            "can_ip_forward": "false",
                            "cpu_platform": "Intel Ivy Bridge",
                            "deletion_protection": "false",
                            "guest_accelerator.#": "0",
                            "hostname": "",
                            "id": "linux2",
                            "instance_id": "799890953295607561",
                            "label_fingerprint": "42WmSpB8rSM=",
                            "labels.%": "0",
                            "machine_type": "f1-micro",
                            "metadata.%": "1",
                            "metadata.startup-script": "#!/bin/bash\n\nsudo apt-get install git -y\ncurl https://storage.googleapis.com/golang/go1.7.3.linux-amd64.tar.gz | tar xzf -\nwget https://raw.githubusercontent.com/GoogleCloudPlatform/golang-samples/master/endpoints/getting-started/app.go\nGOPATH=$PWD GOROOT=$PWD/go go/bin/go get ./... 2\u003e /tmp/goget_log.txt \u003e /tmp/goget_outlog.txt\necho \"deb http://packages.cloud.google.com/apt google-cloud-endpoints-jessie main\" | sudo tee /etc/apt/sources.list.d/google-cloud-endpoints.list\ncurl --silent https://packages.cloud.google.com/apt/doc/apt-key.gpg | sudo apt-key add -\nsudo apt-get update \u0026\u0026 sudo apt-get install google-cloud-sdk\nsudo apt-get install endpoints-runtime\nsudo echo \"PORT=80\" \u003e\u003e /etc/default/nginx\nPORT=8081 GOPATH=$PWD GOROOT=$PWD/go go/bin/go run app.go \u003e /tmp/gorun_outlog.txt 2\u003e /tmp/gorun_log.txt \u0026\nsleep 10\nsudo service nginx restart\n",
                            "metadata_fingerprint": "jt1Qv421244=",
                            "min_cpu_platform": "",
                            "name": "linux2",
                            "network_interface.#": "1",
                            "network_interface.0.access_config.#": "1",
                            "network_interface.0.access_config.0.assigned_nat_ip": "",
                            "network_interface.0.access_config.0.nat_ip": "35.224.115.229",
                            "network_interface.0.access_config.0.network_tier": "PREMIUM",
                            "network_interface.0.access_config.0.public_ptr_domain_name": "",
                            "network_interface.0.address": "",
                            "network_interface.0.alias_ip_range.#": "0",
                            "network_interface.0.name": "nic0",
                            "network_interface.0.network": "https://www.googleapis.com/compute/v1/projects/project1-2019-234412/global/networks/vpc1",
                            "network_interface.0.network_ip": "10.128.0.2",
                            "network_interface.0.subnetwork": "https://www.googleapis.com/compute/v1/projects/project1-2019-234412/regions/us-central1/subnetworks/vpc1",
                            "network_interface.0.subnetwork_project": "project1-2019-234412",
                            "project": "project1-2019-234412",
                            "scheduling.#": "1",
                            "scheduling.0.automatic_restart": "true",
                            "scheduling.0.on_host_maintenance": "MIGRATE",
                            "scheduling.0.preemptible": "false",
                            "scratch_disk.#": "0",
                            "self_link": "https://www.googleapis.com/compute/v1/projects/project1-2019-234412/zones/us-central1-f/instances/linux2",
                            "service_account.#": "0",
                            "tags.#": "0",
                            "tags_fingerprint": "42WmSpB8rSM=",
                            "zone": "us-central1-f"
                        },
                        "meta": {
                            "e2bfb730-ecaa-11e6-8f88-34363bc7c4c0": {
                                "create": 360000000000,
                                "delete": 360000000000,
                                "update": 360000000000
                            },
                            "schema_version": "6"
                        },
                        "tainted": false
                    },
                    "deposed": [],
                    "provider": "provider.google"
                },
                "google_compute_network.network": {
                    "type": "google_compute_network",
                    "depends_on": [],
                    "primary": {
                        "id": "vpc1",
                        "attributes": {
                            "auto_create_subnetworks": "true",
                            "description": "",
                            "gateway_ipv4": "",
                            "id": "vpc1",
                            "ipv4_range": "",
                            "name": "vpc1",
                            "project": "project1-2019-234412",
                            "routing_mode": "REGIONAL",
                            "self_link": "https://www.googleapis.com/compute/v1/projects/project1-2019-234412/global/networks/vpc1"
                        },
                        "meta": {
                            "e2bfb730-ecaa-11e6-8f88-34363bc7c4c0": {
                                "create": 240000000000,
                                "delete": 240000000000,
                                "update": 240000000000
                            }
                        },
                        "tainted": false
                    },
                    "deposed": [],
                    "provider": "provider.google"
                }
            },
            "depends_on": []
        }
    ]
}
